
Microsoft Visual Studio Solution File, Format Version 12.00
# Visual Studio 15
VisualStudioVersion = 15.0.27703.2035
MinimumVisualStudioVersion = 10.0.40219.1
Project("{8BC9CEB8-8B4A-11D0-8D11-00A0C91BC942}") = "Project1_Hulbert_CEG4350", "Project1_Hulbert_CEG4350\Project1_Hulbert_CEG4350.vcxproj", "{74D0C667-3FC9-4264-88EF-5FEB7F4D54D5}"
EndProject
Global
	GlobalSection(SolutionConfigurationPlatforms) = preSolution
		Debug|x64 = Debug|x64
		Debug|x86 = Debug|x86
		Release|x64 = Release|x64
		Release|x86 = Release|x86
	EndGlobalSection
	GlobalSection(ProjectConfigurationPlatforms) = postSolution
		{74D0C667-3FC9-4264-88EF-5FEB7F4D54D5}.Debug|x64.ActiveCfg = Debug|x64
		{74D0C667-3FC9-4264-88EF-5FEB7F4D54D5}.Debug|x64.Build.0 = Debug|x64
		{74D0C667-3FC9-4264-88EF-5FEB7F4D54D5}.Debug|x86.ActiveCfg = Debug|Win32
		{74D0C667-3FC9-4264-88EF-5FEB7F4D54D5}.Debug|x86.Build.0 = Debug|Win32
		{74D0C667-3FC9-4264-88EF-5FEB7F4D54D5}.Release|x64.ActiveCfg = Release|x64
		{74D0C667-3FC9-4264-88EF-5FEB7F4D54D5}.Release|x64.Build.0 = Release|x64
		{74D0C667-3FC9-4264-88EF-5FEB7F4D54D5}.Release|x86.ActiveCfg = Release|Win32
		{74D0C667-3FC9-4264-88EF-5FEB7F4D54D5}.Release|x86.Build.0 = Release|Win32
	EndGlobalSection
	GlobalSection(SolutionProperties) = preSolution
		HideSolutionNode = FALSE
	EndGlobalSection
	GlobalSection(ExtensibilityGlobals) = postSolution
		SolutionGuid = {D3EC35CD-DF77-4449-94D7-7038F7194F8A}
	EndGlobalSection
EndGlobal
